
Microsoft Visual Studio Solution File, Format Version 11.00
# Visual Studio 2010
Project("{FAE04EC0-301F-11D3-BF4B-00C04F79EFBC}") = "OneHundredBooks.Web", "OneHundredBooks.Web\OneHundredBooks.Web.csproj", "{E90CCB54-EFEE-4DBD-BC32-E62381584C58}"
EndProject
Project("{FAE04EC0-301F-11D3-BF4B-00C04F79EFBC}") = "OneHundredBooks.Content", "OneHundredBooks.Content\OneHundredBooks.Content.csproj", "{1B43A49E-C0E4-4C79-BDFC-EB4AA260C92C}"
EndProject
Global
	GlobalSection(SolutionConfigurationPlatforms) = preSolution
		Debug|Any CPU = Debug|Any CPU
		Release|Any CPU = Release|Any CPU
	EndGlobalSection
	GlobalSection(ProjectConfigurationPlatforms) = postSolution
		{E90CCB54-EFEE-4DBD-BC32-E62381584C58}.Debug|Any CPU.ActiveCfg = Debug|Any CPU
		{E90CCB54-EFEE-4DBD-BC32-E62381584C58}.Debug|Any CPU.Build.0 = Debug|Any CPU
		{E90CCB54-EFEE-4DBD-BC32-E62381584C58}.Release|Any CPU.ActiveCfg = Release|Any CPU
		{E90CCB54-EFEE-4DBD-BC32-E62381584C58}.Release|Any CPU.Build.0 = Release|Any CPU
		{1B43A49E-C0E4-4C79-BDFC-EB4AA260C92C}.Debug|Any CPU.ActiveCfg = Debug|Any CPU
		{1B43A49E-C0E4-4C79-BDFC-EB4AA260C92C}.Debug|Any CPU.Build.0 = Debug|Any CPU
		{1B43A49E-C0E4-4C79-BDFC-EB4AA260C92C}.Release|Any CPU.ActiveCfg = Release|Any CPU
		{1B43A49E-C0E4-4C79-BDFC-EB4AA260C92C}.Release|Any CPU.Build.0 = Release|Any CPU
	EndGlobalSection
	GlobalSection(SolutionProperties) = preSolution
		HideSolutionNode = FALSE
	EndGlobalSection
EndGlobal
